
Microsoft Visual Studio Solution File, Format Version 12.00
# Visual Studio 15
VisualStudioVersion = 15.0.28307.645
MinimumVisualStudioVersion = 10.0.40219.1
Project("{FAE04EC0-301F-11D3-BF4B-00C04F79EFBC}") = "Forum", "Forum\Forum.csproj", "{2B8C6EC3-E3F5-419E-AED4-9621530C0199}"
EndProject
Global
	GlobalSection(SolutionConfigurationPlatforms) = preSolution
		Debug|Any CPU = Debug|Any CPU
		Release|Any CPU = Release|Any CPU
	EndGlobalSection
	GlobalSection(ProjectConfigurationPlatforms) = postSolution
		{2B8C6EC3-E3F5-419E-AED4-9621530C0199}.Debug|Any CPU.ActiveCfg = Debug|Any CPU
		{2B8C6EC3-E3F5-419E-AED4-9621530C0199}.Debug|Any CPU.Build.0 = Debug|Any CPU
		{2B8C6EC3-E3F5-419E-AED4-9621530C0199}.Release|Any CPU.ActiveCfg = Release|Any CPU
		{2B8C6EC3-E3F5-419E-AED4-9621530C0199}.Release|Any CPU.Build.0 = Release|Any CPU
	EndGlobalSection
	GlobalSection(SolutionProperties) = preSolution
		HideSolutionNode = FALSE
	EndGlobalSection
	GlobalSection(ExtensibilityGlobals) = postSolution
		SolutionGuid = {73CD1C5D-2BBC-4FBD-BC7F-77F4519DFC21}
	EndGlobalSection
EndGlobal
